<?xml version="1.0" encoding="utf-8"?>
<Project ToolsVersion="4.0" xmlns="http://schemas.microsoft.com/developer/msbuild/2003">
  <ItemGroup>
    <Filter Include="源文件">
      <UniqueIdentifier>{4FC737F1-C7A5-4376-A066-2A32D752A2FF}</UniqueIdentifier>
      <Extensions>cpp;c;cc;cxx;c++;cppm;ixx;def;odl;idl;hpj;bat;asm;asmx</Extensions>
    </Filter>
    <Filter Include="头文件">
      <UniqueIdentifier>{93995380-89BD-4b04-88EB-625FBE52EBFB}</UniqueIdentifier>
      <Extensions>h;hh;hpp;hxx;h++;hm;inl;inc;ipp;xsd</Extensions>
    </Filter>
    <Filter Include="资源文件">
      <UniqueIdentifier>{67DA6AB6-F800-4c08-8B7A-83BB121AAD01}</UniqueIdentifier>
      <Extensions>rc;ico;cur;bmp;dlg;rc2;rct;bin;rgs;gif;jpg;jpeg;jpe;resx;tiff;tif;png;wav;mfcribbon-ms</Extensions>
    </Filter>
    <Filter Include="Game">
      <UniqueIdentifier>{945f12e2-0258-40b7-96a6-ab84ef4a7179}</UniqueIdentifier>
    </Filter>
    <Filter Include="State">
      <UniqueIdentifier>{5356673d-ff54-450c-9539-23b62a9c2da0}</UniqueIdentifier>
    </Filter>
    <Filter Include="Button">
      <UniqueIdentifier>{316561b1-0a59-4311-b2d7-31a5521c7333}</UniqueIdentifier>
    </Filter>
    <Filter Include="Field">
      <UniqueIdentifier>{175f282b-8ea9-420c-a368-a671224b93d5}</UniqueIdentifier>
    </Filter>
    <Filter Include="Tower">
      <UniqueIdentifier>{5e4dc5c4-fb8e-4764-b8c1-c1bbb1874fe0}</UniqueIdentifier>
    </Filter>
  </ItemGroup>
  <ItemGroup>
    <ClCompile Include="Game.cpp">
      <Filter>Game</Filter>
    </ClCompile>
    <ClCompile Include="State.cpp">
      <Filter>State</Filter>
    </ClCompile>
    <ClCompile Include="MainMenu.cpp">
      <Filter>State</Filter>
    </ClCompile>
    <ClCompile Include="main.cpp">
      <Filter>源文件</Filter>
    </ClCompile>
    <ClCompile Include="GameState.cpp">
      <Filter>State</Filter>
    </ClCompile>
    <ClCompile Include="Button.cpp">
      <Filter>Button</Filter>
    </ClCompile>
    <ClCompile Include="Field.cpp">
      <Filter>Field</Filter>
    </ClCompile>
    <ClCompile Include="Tower.cpp">
      <Filter>Tower</Filter>
    </ClCompile>
    <ClCompile Include="TowerTemplate.cpp">
      <Filter>Tower</Filter>
    </ClCompile>
    <ClCompile Include="TowerData.cpp">
      <Filter>Tower</Filter>
    </ClCompile>
  </ItemGroup>
  <ItemGroup>
    <ClInclude Include="Game.h">
      <Filter>Game</Filter>
    </ClInclude>
    <ClInclude Include="State.h">
      <Filter>State</Filter>
    </ClInclude>
    <ClInclude Include="GameState.h">
      <Filter>State</Filter>
    </ClInclude>
    <ClInclude Include="MainMenu.h">
      <Filter>State</Filter>
    </ClInclude>
    <ClInclude Include="Button.h">
      <Filter>Button</Filter>
    </ClInclude>
    <ClInclude Include="Field.h">
      <Filter>Field</Filter>
    </ClInclude>
    <ClInclude Include="Tower.h">
      <Filter>Tower</Filter>
    </ClInclude>
    <ClInclude Include="TowerTemplate.h">
      <Filter>Tower</Filter>
    </ClInclude>
    <ClInclude Include="TowerData.h">
      <Filter>Tower</Filter>
    </ClInclude>
  </ItemGroup>
</Project>